{
  "pins" : [
    {
      "identity" : "openssl",
      "kind" : "remoteSourceControl",
      "location" : "https://github.com/krzyzanowskim/OpenSSL",
      "state" : {
        "revision" : "fdc9231384f37f053dffe058fd6dfc6c5072dae5",
        "version" : "3.6.2000"
      }
    }
  ],
  "version" : 2
}
